
Microsoft Visual Studio Solution File, Format Version 12.00
# Visual Studio Version 16
VisualStudioVersion = 16.0.30907.101
MinimumVisualStudioVersion = 10.0.40219.1
Project("{9A19103F-16F7-4668-BE54-9A1E7A4F7556}") = "ProAgil.WebAPI", "ProAgil.WebAPI\ProAgil.WebAPI.csproj", "{3B029BFD-FB56-410F-81F2-6326F9BF66C7}"
EndProject
Project("{9A19103F-16F7-4668-BE54-9A1E7A4F7556}") = "ProAgil.Domen", "ProAgil.Domen\ProAgil.Domen.csproj", "{47097894-08A4-45CF-8F39-92E5A6A469A6}"
EndProject
Project("{FAE04EC0-301F-11D3-BF4B-00C04F79EFBC}") = "ProAgil.Repository", "ProAgil.Repository\ProAgil.Repository.csproj", "{D8154709-61E8-4A22-976F-F08DA4B43832}"
EndProject
Global
	GlobalSection(SolutionConfigurationPlatforms) = preSolution
		Debug|Any CPU = Debug|Any CPU
		Release|Any CPU = Release|Any CPU
	EndGlobalSection
	GlobalSection(ProjectConfigurationPlatforms) = postSolution
		{3B029BFD-FB56-410F-81F2-6326F9BF66C7}.Debug|Any CPU.ActiveCfg = Debug|Any CPU
		{3B029BFD-FB56-410F-81F2-6326F9BF66C7}.Debug|Any CPU.Build.0 = Debug|Any CPU
		{3B029BFD-FB56-410F-81F2-6326F9BF66C7}.Release|Any CPU.ActiveCfg = Release|Any CPU
		{3B029BFD-FB56-410F-81F2-6326F9BF66C7}.Release|Any CPU.Build.0 = Release|Any CPU
		{47097894-08A4-45CF-8F39-92E5A6A469A6}.Debug|Any CPU.ActiveCfg = Debug|Any CPU
		{47097894-08A4-45CF-8F39-92E5A6A469A6}.Debug|Any CPU.Build.0 = Debug|Any CPU
		{47097894-08A4-45CF-8F39-92E5A6A469A6}.Release|Any CPU.ActiveCfg = Release|Any CPU
		{47097894-08A4-45CF-8F39-92E5A6A469A6}.Release|Any CPU.Build.0 = Release|Any CPU
		{D8154709-61E8-4A22-976F-F08DA4B43832}.Debug|Any CPU.ActiveCfg = Debug|Any CPU
		{D8154709-61E8-4A22-976F-F08DA4B43832}.Debug|Any CPU.Build.0 = Debug|Any CPU
		{D8154709-61E8-4A22-976F-F08DA4B43832}.Release|Any CPU.ActiveCfg = Release|Any CPU
		{D8154709-61E8-4A22-976F-F08DA4B43832}.Release|Any CPU.Build.0 = Release|Any CPU
	EndGlobalSection
	GlobalSection(SolutionProperties) = preSolution
		HideSolutionNode = FALSE
	EndGlobalSection
	GlobalSection(ExtensibilityGlobals) = postSolution
		SolutionGuid = {28DA13A5-AD19-4E23-8848-1B32914DB466}
	EndGlobalSection
EndGlobal
